// !$*UTF8*$!
{
        archiveVersion = 1;
        classes = {
        };
        objectVersion = 77;
        objects = {

/* Begin PBXBuildFile section */
                6B02B677303C7FC1008C2511 /* WidgetKit.framework in Frameworks */ = {isa = PBXBuildFile; fileRef = 6B02B676303C7FC1008C2511 /* WidgetKit.framework */; };
                6B02B679303C7FC1008C2511 /* SwiftUI.framework in Frameworks */ = {isa = PBXBuildFile; fileRef = 6B02B678303C7FC1008C2511 /* SwiftUI.framework */; };
                6B02B688303C7FC3008C2511 /* ScheduleWidgetExtension.appex in Embed Foundation Extensions */ = {isa = PBXBuildFile; fileRef = 6B02B674303C7FC1008C2511 /* ScheduleWidgetExtension.appex */; settings = {ATTRIBUTES = (RemoveHeadersOnCopy, ); }; };
                6BC571EB303EFAF0008F419C /* SwiftSoup in Frameworks */ = {isa = PBXBuildFile; productRef = 6BC571EA303EFAF0008F419C /* SwiftSoup */; };
                6BC571ED303EFAF0008F419C /* SwiftSoupProfile in Frameworks */ = {isa = PBXBuildFile; productRef = 6BC571EC303EFAF0008F419C /* SwiftSoupProfile */; };
                6BE431CC304326B6006849C4 /* CHANGES.md in Resources */ = {isa = PBXBuildFile; fileRef = 6BE431C4304326B6006849C4 /* CHANGES.md */; };
                6BE431D0304326B6006849C4 /* CHANGES.md in Resources */ = {isa = PBXBuildFile; fileRef = 6BE431C4304326B6006849C4 /* CHANGES.md */; };
/* End PBXBuildFile section */

/* Begin PBXContainerItemProxy section */
                6B02B686303C7FC3008C2511 /* PBXContainerItemProxy */ = {
                        isa = PBXContainerItemProxy;
                        containerPortal = 6BDF3AE2303C6F710047161D /* Project object */;
                        proxyType = 1;
                        remoteGlobalIDString = 6B02B673303C7FC1008C2511;
                        remoteInfo = ScheduleWidgetExtension;
                };
/* End PBXContainerItemProxy section */

/* Begin PBXCopyFilesBuildPhase section */
                6B02B68D303C7FC3008C2511 /* Embed Foundation Extensions */ = {
                        isa = PBXCopyFilesBuildPhase;
                        buildActionMask = 2147483647;
                        dstPath = "";
                        dstSubfolderSpec = 13;
                        files = (
                                6B02B688303C7FC3008C2511 /* ScheduleWidgetExtension.appex in Embed Foundation Extensions */,
                        );
                        name = "Embed Foundation Extensions";
                        runOnlyForDeploymentPostprocessing = 0;
                };
/* End PBXCopyFilesBuildPhase section */

/* Begin PBXFileReference section */
                6B02B674303C7FC1008C2511 /* ScheduleWidgetExtension.appex */ = {isa = PBXFileReference; explicitFileType = "wrapper.app-extension"; includeInIndex = 0; path = ScheduleWidgetExtension.appex; sourceTree = BUILT_PRODUCTS_DIR; };
                6B02B676303C7FC1008C2511 /* WidgetKit.framework */ = {isa = PBXFileReference; lastKnownFileType = wrapper.framework; name = WidgetKit.framework; path = System/Library/Frameworks/WidgetKit.framework; sourceTree = SDKROOT; };
                6B02B678303C7FC1008C2511 /* SwiftUI.framework */ = {isa = PBXFileReference; lastKnownFileType = wrapper.framework; name = SwiftUI.framework; path = System/Library/Frameworks/SwiftUI.framework; sourceTree = SDKROOT; };
                6BDF3AEA303C6F710047161D /* schedule.app */ = {isa = PBXFileReference; explicitFileType = wrapper.application; includeInIndex = 0; path = schedule.app; sourceTree = BUILT_PRODUCTS_DIR; };
                6BE431C4304326B6006849C4 /* CHANGES.md */ = {isa = PBXFileReference; lastKnownFileType = net.daringfireball.markdown; path = CHANGES.md; sourceTree = "<group>"; };
                6BE431C5304326B6006849C4 /* Info.plist */ = {isa = PBXFileReference; lastKnownFileType = text.plist.xml; path = Info.plist; sourceTree = "<group>"; };
                6BE431C6304326B6006849C4 /* ScheduleWidget-Info.plist */ = {isa = PBXFileReference; lastKnownFileType = text.plist.xml; path = "ScheduleWidget-Info.plist"; sourceTree = "<group>"; };
                6BE431D6304326FB006849C4 /* ScheduleWidgetExtension.entitlements */ = {isa = PBXFileReference; lastKnownFileType = text.plist.entitlements; path = ScheduleWidgetExtension.entitlements; sourceTree = "<group>"; };
/* End PBXFileReference section */

/* Begin PBXFileSystemSynchronizedRootGroup section */
                6B02B67A303C7FC1008C2511 /* ScheduleWidget */ = {
                        isa = PBXFileSystemSynchronizedRootGroup;
                        path = ScheduleWidget;
                        sourceTree = "<group>";
                };
                6BDF3AEC303C6F710047161D /* schedule */ = {
                        isa = PBXFileSystemSynchronizedRootGroup;
                        path = schedule;
                        sourceTree = "<group>";
                };
/* End PBXFileSystemSynchronizedRootGroup section */

/* Begin PBXFrameworksBuildPhase section */
                6B02B671303C7FC1008C2511 /* Frameworks */ = {
                        isa = PBXFrameworksBuildPhase;
                        buildActionMask = 2147483647;
                        files = (
                                6B02B679303C7FC1008C2511 /* SwiftUI.framework in Frameworks */,
                                6B02B677303C7FC1008C2511 /* WidgetKit.framework in Frameworks */,
                        );
                        runOnlyForDeploymentPostprocessing = 0;
                };
                6BDF3AE7303C6F710047161D /* Frameworks */ = {
                        isa = PBXFrameworksBuildPhase;
                        buildActionMask = 2147483647;
                        files = (
                                6BC571EB303EFAF0008F419C /* SwiftSoup in Frameworks */,
                                6BC571ED303EFAF0008F419C /* SwiftSoupProfile in Frameworks */,
                        );
                        runOnlyForDeploymentPostprocessing = 0;
                };
/* End PBXFrameworksBuildPhase section */

/* Begin PBXGroup section */
                6B02B675303C7FC1008C2511 /* Frameworks */ = {
                        isa = PBXGroup;
                        children = (
                                6B02B676303C7FC1008C2511 /* WidgetKit.framework */,
                                6B02B678303C7FC1008C2511 /* SwiftUI.framework */,
                        );
                        name = Frameworks;
                        sourceTree = "<group>";
                };
                6BDF3AE1303C6F710047161D = {
                        isa = PBXGroup;
                        children = (
                                6BDF3AEC303C6F710047161D /* schedule */,
                                6B02B67A303C7FC1008C2511 /* ScheduleWidget */,
                                6B02B675303C7FC1008C2511 /* Frameworks */,
                                6BDF3AEB303C6F710047161D /* Products */,
                                6BE431C4304326B6006849C4 /* CHANGES.md */,
                                6BE431D6304326FB006849C4 /* ScheduleWidgetExtension.entitlements */,
                                6BE431C5304326B6006849C4 /* Info.plist */,
                                6BE431C6304326B6006849C4 /* ScheduleWidget-Info.plist */,
                        );
                        sourceTree = "<group>";
                };
                6BDF3AEB303C6F710047161D /* Products */ = {
                        isa = PBXGroup;
                        children = (
                                6BDF3AEA303C6F710047161D /* schedule.app */,
                                6B02B674303C7FC1008C2511 /* ScheduleWidgetExtension.appex */,
                        );
                        name = Products;
                        sourceTree = "<group>";
                };
/* End PBXGroup section */

/* Begin PBXNativeTarget section */
                6B02B673303C7FC1008C2511 /* ScheduleWidgetExtension */ = {
                        isa = PBXNativeTarget;
                        buildConfigurationList = 6B02B68A303C7FC3008C2511 /* Build configuration list for PBXNativeTarget "ScheduleWidgetExtension" */;
                        buildPhases = (
                                6B02B670303C7FC1008C2511 /* Sources */,
                                6B02B671303C7FC1008C2511 /* Frameworks */,
                                6B02B672303C7FC1008C2511 /* Resources */,
                        );
                        buildRules = (
                        );
                        dependencies = (
                        );
                        fileSystemSynchronizedGroups = (
                                6B02B67A303C7FC1008C2511 /* ScheduleWidget */,
                        );
                        name = ScheduleWidgetExtension;
                        packageProductDependencies = (
                        );
                        productName = ScheduleWidgetExtension;
                        productReference = 6B02B674303C7FC1008C2511 /* ScheduleWidgetExtension.appex */;
                        productType = "com.apple.product-type.app-extension";
                };
                6BDF3AE9303C6F710047161D /* schedule */ = {
                        isa = PBXNativeTarget;
                        buildConfigurationList = 6BDF3AF5303C6F720047161D /* Build configuration list for PBXNativeTarget "schedule" */;
                        buildPhases = (
                                6BDF3AE6303C6F710047161D /* Sources */,
                                6BDF3AE7303C6F710047161D /* Frameworks */,
                                6BDF3AE8303C6F710047161D /* Resources */,
                                6B02B68D303C7FC3008C2511 /* Embed Foundation Extensions */,
                        );
                        buildRules = (
                        );
                        dependencies = (
                                6B02B687303C7FC3008C2511 /* PBXTargetDependency */,
                        );
                        fileSystemSynchronizedGroups = (
                                6BDF3AEC303C6F710047161D /* schedule */,
                        );
                        name = schedule;
                        packageProductDependencies = (
                                6BC571EA303EFAF0008F419C /* SwiftSoup */,
                                6BC571EC303EFAF0008F419C /* SwiftSoupProfile */,
                        );
                        productName = schedule;
                        productReference = 6BDF3AEA303C6F710047161D /* schedule.app */;
                        productType = "com.apple.product-type.application";
                };
/* End PBXNativeTarget section */

/* Begin PBXProject section */
                6BDF3AE2303C6F710047161D /* Project object */ = {
                        isa = PBXProject;
                        attributes = {
                                BuildIndependentTargetsInParallel = 1;
                                LastSwiftUpdateCheck = 2630;
                                LastUpgradeCheck = 2630;
                                TargetAttributes = {
                                        6B02B673303C7FC1008C2511 = {
                                                CreatedOnToolsVersion = 26.3;
                                        };
                                        6BDF3AE9303C6F710047161D = {
                                                CreatedOnToolsVersion = 26.3;
                                                LastSwiftMigration = 2630;
                                        };
                                };
                        };
                        buildConfigurationList = 6BDF3AE5303C6F710047161D /* Build configuration list for PBXProject "schedule" */;
                        developmentRegion = en;
                        hasScannedForEncodings = 0;
                        knownRegions = (
                                en,
                                Base,
                        );
                        mainGroup = 6BDF3AE1303C6F710047161D;
                        minimizedProjectReferenceProxies = 1;
                        packageReferences = (
                                6BC571E9303EFAF0008F419C /* XCRemoteSwiftPackageReference "SwiftSoup" */,
                        );
                        preferredProjectObjectVersion = 77;
                        productRefGroup = 6BDF3AEB303C6F710047161D /* Products */;
                        projectDirPath = "";
                        projectRoot = "";
                        targets = (
                                6BDF3AE9303C6F710047161D /* schedule */,
                                6B02B673303C7FC1008C2511 /* ScheduleWidgetExtension */,
                        );
                };
/* End PBXProject section */

/* Begin PBXResourcesBuildPhase section */
                6B02B672303C7FC1008C2511 /* Resources */ = {
                        isa = PBXResourcesBuildPhase;
                        buildActionMask = 2147483647;
                        files = (
                                6BE431D0304326B6006849C4 /* CHANGES.md in Resources */,
                        );
                        runOnlyForDeploymentPostprocessing = 0;
                };
                6BDF3AE8303C6F710047161D /* Resources */ = {
                        isa = PBXResourcesBuildPhase;
                        buildActionMask = 2147483647;
                        files = (
                                6BE431CC304326B6006849C4 /* CHANGES.md in Resources */,
                        );
                        runOnlyForDeploymentPostprocessing = 0;
                };
/* End PBXResourcesBuildPhase section */

/* Begin PBXSourcesBuildPhase section */
                6B02B670303C7FC1008C2511 /* Sources */ = {
                        isa = PBXSourcesBuildPhase;
                        buildActionMask = 2147483647;
                        files = (
                        );
                        runOnlyForDeploymentPostprocessing = 0;
                };
                6BDF3AE6303C6F710047161D /* Sources */ = {
                        isa = PBXSourcesBuildPhase;
                        buildActionMask = 2147483647;
                        files = (
                        );
                        runOnlyForDeploymentPostprocessing = 0;
                };
/* End PBXSourcesBuildPhase section */

/* Begin PBXTargetDependency section */
                6B02B687303C7FC3008C2511 /* PBXTargetDependency */ = {
                        isa = PBXTargetDependency;
                        target = 6B02B673303C7FC1008C2511 /* ScheduleWidgetExtension */;
                        targetProxy = 6B02B686303C7FC3008C2511 /* PBXContainerItemProxy */;
                };
/* End PBXTargetDependency section */

/* Begin XCBuildConfiguration section */
                6B02B68B303C7FC3008C2511 /* Debug */ = {
                        isa = XCBuildConfiguration;
                        buildSettings = {
                                ASSETCATALOG_COMPILER_GLOBAL_ACCENT_COLOR_NAME = AccentColor;
                                ASSETCATALOG_COMPILER_WIDGET_BACKGROUND_COLOR_NAME = WidgetBackground;
                                CODE_SIGN_ENTITLEMENTS = ScheduleWidgetExtension.entitlements;
                                CODE_SIGN_STYLE = Automatic;
                                CURRENT_PROJECT_VERSION = 1;
                                DEVELOPMENT_TEAM = QYQHQQ7T8A;
                                ENABLE_APP_SANDBOX = YES;
                                ENABLE_HARDENED_RUNTIME = YES;
                                ENABLE_OUTGOING_NETWORK_CONNECTIONS = YES;
                                GENERATE_INFOPLIST_FILE = YES;
                                INFOPLIST_FILE = "ScheduleWidget-Info.plist";
                                INFOPLIST_KEY_CFBundleDisplayName = fa.schedule;
                                INFOPLIST_KEY_NSHumanReadableCopyright = "";
                                IPHONEOS_DEPLOYMENT_TARGET = 17.0;
                                LD_RUNPATH_SEARCH_PATHS = (
                                        "$(inherited)",
                                        "@executable_path/Frameworks",
                                        "@executable_path/../../Frameworks",
                                );
                                MACOSX_DEPLOYMENT_TARGET = 11.5;
                                MARKETING_VERSION = 1.0;
                                PRODUCT_BUNDLE_IDENTIFIER = fa.schedule.ScheduleWidget;
                                PRODUCT_NAME = "$(TARGET_NAME)";
                                REGISTER_APP_GROUPS = YES;
                                SDKROOT = iphoneos;
                                SKIP_INSTALL = YES;
                                STRING_CATALOG_GENERATE_SYMBOLS = YES;
                                SUPPORTED_PLATFORMS = "iphoneos iphonesimulator";
                                SUPPORTS_MACCATALYST = NO;
                                SUPPORTS_MAC_DESIGNED_FOR_IPHONE_IPAD = NO;
                                SUPPORTS_XR_DESIGNED_FOR_IPHONE_IPAD = NO;
                                SWIFT_APPROACHABLE_CONCURRENCY = YES;
                                SWIFT_EMIT_LOC_STRINGS = YES;
                                SWIFT_UPCOMING_FEATURE_MEMBER_IMPORT_VISIBILITY = YES;
                                SWIFT_VERSION = 5.0;
                                TARGETED_DEVICE_FAMILY = "1,2";
                        };
                        name = Debug;
                };
                6B02B68C303C7FC3008C2511 /* Release */ = {
                        isa = XCBuildConfiguration;
                        buildSettings = {
                                ASSETCATALOG_COMPILER_GLOBAL_ACCENT_COLOR_NAME = AccentColor;
                                ASSETCATALOG_COMPILER_WIDGET_BACKGROUND_COLOR_NAME = WidgetBackground;
                                CODE_SIGN_ENTITLEMENTS = ScheduleWidgetExtension.entitlements;
                                CODE_SIGN_STYLE = Automatic;
                                CURRENT_PROJECT_VERSION = 1;
                                DEVELOPMENT_TEAM = QYQHQQ7T8A;
                                ENABLE_APP_SANDBOX = YES;
                                ENABLE_HARDENED_RUNTIME = YES;
                                ENABLE_OUTGOING_NETWORK_CONNECTIONS = YES;
                                GENERATE_INFOPLIST_FILE = YES;
                                INFOPLIST_FILE = "ScheduleWidget-Info.plist";
                                INFOPLIST_KEY_CFBundleDisplayName = fa.schedule;
                                INFOPLIST_KEY_NSHumanReadableCopyright = "";
                                IPHONEOS_DEPLOYMENT_TARGET = 17.0;
                                LD_RUNPATH_SEARCH_PATHS = (
                                        "$(inherited)",
                                        "@executable_path/Frameworks",
                                        "@executable_path/../../Frameworks",
                                );
                                MACOSX_DEPLOYMENT_TARGET = 11.5;
                                MARKETING_VERSION = 1.0;
                                PRODUCT_BUNDLE_IDENTIFIER = fa.schedule.ScheduleWidget;
                                PRODUCT_NAME = "$(TARGET_NAME)";
                                REGISTER_APP_GROUPS = YES;
                                SDKROOT = iphoneos;
                                SKIP_INSTALL = YES;
                                STRING_CATALOG_GENERATE_SYMBOLS = YES;
                                SUPPORTED_PLATFORMS = "iphoneos iphonesimulator";
                                SUPPORTS_MACCATALYST = NO;
                                SUPPORTS_MAC_DESIGNED_FOR_IPHONE_IPAD = NO;
                                SUPPORTS_XR_DESIGNED_FOR_IPHONE_IPAD = NO;
                                SWIFT_APPROACHABLE_CONCURRENCY = YES;
                                SWIFT_EMIT_LOC_STRINGS = YES;
                                SWIFT_UPCOMING_FEATURE_MEMBER_IMPORT_VISIBILITY = YES;
                                SWIFT_VERSION = 5.0;
                                TARGETED_DEVICE_FAMILY = "1,2";
                                VALIDATE_PRODUCT = YES;
                        };
                        name = Release;
                };
                6BDF3AF3303C6F720047161D /* Debug */ = {
                        isa = XCBuildConfiguration;
                        buildSettings = {
                                ALWAYS_SEARCH_USER_PATHS = NO;
                                ASSETCATALOG_COMPILER_GENERATE_SWIFT_ASSET_SYMBOL_EXTENSIONS = YES;
                                CLANG_ANALYZER_NONNULL = YES;
                                CLANG_ANALYZER_NUMBER_OBJECT_CONVERSION = YES_AGGRESSIVE;
                                CLANG_CXX_LANGUAGE_STANDARD = "gnu++20";
                                CLANG_ENABLE_MODULES = YES;
                                CLANG_ENABLE_OBJC_ARC = YES;
                                CLANG_ENABLE_OBJC_WEAK = YES;
                                CLANG_WARN_BLOCK_CAPTURE_AUTORELEASING = YES;
                                CLANG_WARN_BOOL_CONVERSION = YES;
                                CLANG_WARN_COMMA = YES;
                                CLANG_WARN_CONSTANT_CONVERSION = YES;
                                CLANG_WARN_DEPRECATED_OBJC_IMPLEMENTATIONS = YES;
                                CLANG_WARN_DIRECT_OBJC_ISA_USAGE = YES_ERROR;
                                CLANG_WARN_DOCUMENTATION_COMMENTS = YES;
                                CLANG_WARN_EMPTY_BODY = YES;
                                CLANG_WARN_ENUM_CONVERSION = YES;
                                CLANG_WARN_INFINITE_RECURSION = YES;
                                CLANG_WARN_INT_CONVERSION = YES;
                                CLANG_WARN_NON_LITERAL_NULL_CONVERSION = YES;
                                CLANG_WARN_OBJC_IMPLICIT_RETAIN_SELF = YES;
                                CLANG_WARN_OBJC_LITERAL_CONVERSION = YES;
                                CLANG_WARN_OBJC_ROOT_CLASS = YES_ERROR;
                                CLANG_WARN_QUOTED_INCLUDE_IN_FRAMEWORK_HEADER = YES;
                                CLANG_WARN_RANGE_LOOP_ANALYSIS = YES;
                                CLANG_WARN_STRICT_PROTOTYPES = YES;
                                CLANG_WARN_SUSPICIOUS_MOVE = YES;
                                CLANG_WARN_UNGUARDED_AVAILABILITY = YES_AGGRESSIVE;
                                CLANG_WARN_UNREACHABLE_CODE = YES;
                                CLANG_WARN__DUPLICATE_METHOD_MATCH = YES;
                                COPY_PHASE_STRIP = NO;
                                DEBUG_INFORMATION_FORMAT = dwarf;
                                ENABLE_STRICT_OBJC_MSGSEND = YES;
                                ENABLE_TESTABILITY = YES;
                                ENABLE_USER_SCRIPT_SANDBOXING = YES;
                                GCC_C_LANGUAGE_STANDARD = gnu17;
                                GCC_DYNAMIC_NO_PIC = NO;
                                GCC_NO_COMMON_BLOCKS = YES;
                                GCC_OPTIMIZATION_LEVEL = 0;
                                GCC_PREPROCESSOR_DEFINITIONS = (
                                        "DEBUG=1",
                                        "$(inherited)",
                                );
                                GCC_WARN_64_TO_32_BIT_CONVERSION = YES;
                                GCC_WARN_ABOUT_RETURN_TYPE = YES_ERROR;
                                GCC_WARN_UNDECLARED_SELECTOR = YES;
                                GCC_WARN_UNINITIALIZED_AUTOS = YES_AGGRESSIVE;
                                GCC_WARN_UNUSED_FUNCTION = YES;
                                GCC_WARN_UNUSED_VARIABLE = YES;
                                LOCALIZATION_PREFERS_STRING_CATALOGS = YES;
                                MTL_ENABLE_DEBUG_INFO = INCLUDE_SOURCE;
                                MTL_FAST_MATH = YES;
                                ONLY_ACTIVE_ARCH = YES;
                                SWIFT_ACTIVE_COMPILATION_CONDITIONS = "DEBUG $(inherited)";
                                SWIFT_OPTIMIZATION_LEVEL = "-Onone";
                        };
                        name = Debug;
                };
                6BDF3AF4303C6F720047161D /* Release */ = {
                        isa = XCBuildConfiguration;
                        buildSettings = {
                                ALWAYS_SEARCH_USER_PATHS = NO;
                                ASSETCATALOG_COMPILER_GENERATE_SWIFT_ASSET_SYMBOL_EXTENSIONS = YES;
                                CLANG_ANALYZER_NONNULL = YES;
                                CLANG_ANALYZER_NUMBER_OBJECT_CONVERSION = YES_AGGRESSIVE;
                                CLANG_CXX_LANGUAGE_STANDARD = "gnu++20";
                                CLANG_ENABLE_MODULES = YES;
                                CLANG_ENABLE_OBJC_ARC = YES;
                                CLANG_ENABLE_OBJC_WEAK = YES;
                                CLANG_WARN_BLOCK_CAPTURE_AUTORELEASING = YES;
                                CLANG_WARN_BOOL_CONVERSION = YES;
                                CLANG_WARN_COMMA = YES;
                                CLANG_WARN_CONSTANT_CONVERSION = YES;
                                CLANG_WARN_DEPRECATED_OBJC_IMPLEMENTATIONS = YES;
                                CLANG_WARN_DIRECT_OBJC_ISA_USAGE = YES_ERROR;
                                CLANG_WARN_DOCUMENTATION_COMMENTS = YES;
                                CLANG_WARN_EMPTY_BODY = YES;
                                CLANG_WARN_ENUM_CONVERSION = YES;
                                CLANG_WARN_INFINITE_RECURSION = YES;
                                CLANG_WARN_INT_CONVERSION = YES;
                                CLANG_WARN_NON_LITERAL_NULL_CONVERSION = YES;
                                CLANG_WARN_OBJC_IMPLICIT_RETAIN_SELF = YES;
                                CLANG_WARN_OBJC_LITERAL_CONVERSION = YES;
                                CLANG_WARN_OBJC_ROOT_CLASS = YES_ERROR;
                                CLANG_WARN_QUOTED_INCLUDE_IN_FRAMEWORK_HEADER = YES;
                                CLANG_WARN_RANGE_LOOP_ANALYSIS = YES;
                                CLANG_WARN_STRICT_PROTOTYPES = YES;
                                CLANG_WARN_SUSPICIOUS_MOVE = YES;
                                CLANG_WARN_UNGUARDED_AVAILABILITY = YES_AGGRESSIVE;
                                CLANG_WARN_UNREACHABLE_CODE = YES;
                                CLANG_WARN__DUPLICATE_METHOD_MATCH = YES;
                                COPY_PHASE_STRIP = NO;
                                DEBUG_INFORMATION_FORMAT = "dwarf-with-dsym";
                                ENABLE_NS_ASSERTIONS = NO;
                                ENABLE_STRICT_OBJC_MSGSEND = YES;
                                ENABLE_USER_SCRIPT_SANDBOXING = YES;
                                GCC_C_LANGUAGE_STANDARD = gnu17;
                                GCC_NO_COMMON_BLOCKS = YES;
                                GCC_WARN_64_TO_32_BIT_CONVERSION = YES;
                                GCC_WARN_ABOUT_RETURN_TYPE = YES_ERROR;
                                GCC_WARN_UNDECLARED_SELECTOR = YES;
                                GCC_WARN_UNINITIALIZED_AUTOS = YES_AGGRESSIVE;
                                GCC_WARN_UNUSED_FUNCTION = YES;
                                GCC_WARN_UNUSED_VARIABLE = YES;
                                LOCALIZATION_PREFERS_STRING_CATALOGS = YES;
                                MTL_ENABLE_DEBUG_INFO = NO;
                                MTL_FAST_MATH = YES;
                                SWIFT_COMPILATION_MODE = wholemodule;
                        };
                        name = Release;
                };
                6BDF3AF6303C6F720047161D /* Debug */ = {
                        isa = XCBuildConfiguration;
                        buildSettings = {
                                ASSETCATALOG_COMPILER_APPICON_NAME = AppIcon;
                                ASSETCATALOG_COMPILER_GLOBAL_ACCENT_COLOR_NAME = AccentColor;
                                ASSETCATALOG_COMPILER_INCLUDE_ALL_APPICON_ASSETS = NO;
                                CLANG_ENABLE_MODULES = YES;
                                CODE_SIGN_ENTITLEMENTS = schedule/schedule.entitlements;
                                CODE_SIGN_STYLE = Automatic;
                                CURRENT_PROJECT_VERSION = 1;
                                DEVELOPMENT_TEAM = QYQHQQ7T8A;
                                ENABLE_APP_SANDBOX = YES;
                                ENABLE_INCOMING_NETWORK_CONNECTIONS = NO;
                                ENABLE_OUTGOING_NETWORK_CONNECTIONS = YES;
                                ENABLE_PREVIEWS = YES;
                                ENABLE_RESOURCE_ACCESS_AUDIO_INPUT = NO;
                                ENABLE_RESOURCE_ACCESS_BLUETOOTH = NO;
                                ENABLE_RESOURCE_ACCESS_CALENDARS = NO;
                                ENABLE_RESOURCE_ACCESS_CAMERA = NO;
                                ENABLE_RESOURCE_ACCESS_CONTACTS = NO;
                                ENABLE_RESOURCE_ACCESS_LOCATION = NO;
                                ENABLE_RESOURCE_ACCESS_PRINTING = NO;
                                ENABLE_RESOURCE_ACCESS_USB = NO;
                                ENABLE_USER_SELECTED_FILES = readonly;
                                GENERATE_INFOPLIST_FILE = YES;
                                INFOPLIST_FILE = "Info.plist";
                                INFOPLIST_KEY_CFBundleDisplayName = fa.schedule;
                                INFOPLIST_KEY_LSApplicationCategoryType = "public.app-category.education";
                                "INFOPLIST_KEY_UIApplicationSceneManifest_Generation[sdk=iphoneos*]" = YES;
                                "INFOPLIST_KEY_UIApplicationSceneManifest_Generation[sdk=iphonesimulator*]" = YES;
                                "INFOPLIST_KEY_UIApplicationSupportsIndirectInputEvents[sdk=iphoneos*]" = YES;
                                "INFOPLIST_KEY_UIApplicationSupportsIndirectInputEvents[sdk=iphonesimulator*]" = YES;
                                "INFOPLIST_KEY_UILaunchScreen_Generation[sdk=iphoneos*]" = YES;
                                "INFOPLIST_KEY_UILaunchScreen_Generation[sdk=iphonesimulator*]" = YES;
                                INFOPLIST_KEY_UIStatusBarStyle = "";
                                "INFOPLIST_KEY_UIStatusBarStyle[sdk=iphoneos*]" = UIStatusBarStyleDefault;
                                "INFOPLIST_KEY_UIStatusBarStyle[sdk=iphonesimulator*]" = UIStatusBarStyleDefault;
                                INFOPLIST_KEY_UISupportedInterfaceOrientations_iPad = "UIInterfaceOrientationPortrait UIInterfaceOrientationPortraitUpsideDown UIInterfaceOrientationLandscapeLeft UIInterfaceOrientationLandscapeRight";
                                INFOPLIST_KEY_UISupportedInterfaceOrientations_iPhone = "UIInterfaceOrientationPortrait UIInterfaceOrientationLandscapeLeft UIInterfaceOrientationLandscapeRight";
                                IPHONEOS_DEPLOYMENT_TARGET = 17.0;
                                LD_RUNPATH_SEARCH_PATHS = "@executable_path/Frameworks";
                                "LD_RUNPATH_SEARCH_PATHS[sdk=macosx*]" = "@executable_path/../Frameworks";
                                MACOSX_DEPLOYMENT_TARGET = 14.0;
                                MARKETING_VERSION = 1.0;
                                PRODUCT_BUNDLE_IDENTIFIER = fa.schedule;
                                PRODUCT_NAME = "$(TARGET_NAME)";
                                REGISTER_APP_GROUPS = YES;
                                SDKROOT = auto;
                                STRING_CATALOG_GENERATE_SYMBOLS = YES;
                                SUPPORTED_PLATFORMS = "iphoneos iphonesimulator";
                                SUPPORTS_MACCATALYST = NO;
                                SWIFT_APPROACHABLE_CONCURRENCY = YES;
                                SWIFT_DEFAULT_ACTOR_ISOLATION = MainActor;
                                SWIFT_EMIT_LOC_STRINGS = YES;
                                SWIFT_OBJC_BRIDGING_HEADER = "schedule/schedule-Bridging-Header.h";
                                SWIFT_OPTIMIZATION_LEVEL = "-Onone";
                                SWIFT_UPCOMING_FEATURE_MEMBER_IMPORT_VISIBILITY = YES;
                                SWIFT_VERSION = 5.0;
                                TARGETED_DEVICE_FAMILY = "1,2";
                                XROS_DEPLOYMENT_TARGET = 1.3;
                        };
                        name = Debug;
                };
                6BDF3AF7303C6F720047161D /* Release */ = {
                        isa = XCBuildConfiguration;
                        buildSettings = {
                                ASSETCATALOG_COMPILER_APPICON_NAME = AppIcon;
                                ASSETCATALOG_COMPILER_GLOBAL_ACCENT_COLOR_NAME = AccentColor;
                                ASSETCATALOG_COMPILER_INCLUDE_ALL_APPICON_ASSETS = NO;
                                CLANG_ENABLE_MODULES = YES;
                                CODE_SIGN_ENTITLEMENTS = schedule/schedule.entitlements;
                                CODE_SIGN_STYLE = Automatic;
                                CURRENT_PROJECT_VERSION = 1;
                                DEVELOPMENT_TEAM = QYQHQQ7T8A;
                                ENABLE_APP_SANDBOX = YES;
                                ENABLE_INCOMING_NETWORK_CONNECTIONS = NO;
                                ENABLE_OUTGOING_NETWORK_CONNECTIONS = YES;
                                ENABLE_PREVIEWS = YES;
                                ENABLE_RESOURCE_ACCESS_AUDIO_INPUT = NO;
                                ENABLE_RESOURCE_ACCESS_BLUETOOTH = NO;
                                ENABLE_RESOURCE_ACCESS_CALENDARS = NO;
                                ENABLE_RESOURCE_ACCESS_CAMERA = NO;
                                ENABLE_RESOURCE_ACCESS_CONTACTS = NO;
                                ENABLE_RESOURCE_ACCESS_LOCATION = NO;
                                ENABLE_RESOURCE_ACCESS_PRINTING = NO;
                                ENABLE_RESOURCE_ACCESS_USB = NO;
                                ENABLE_USER_SELECTED_FILES = readonly;
                                GENERATE_INFOPLIST_FILE = YES;
                                INFOPLIST_FILE = "Info.plist";
                                INFOPLIST_KEY_CFBundleDisplayName = fa.schedule;
                                INFOPLIST_KEY_LSApplicationCategoryType = "public.app-category.education";
                                "INFOPLIST_KEY_UIApplicationSceneManifest_Generation[sdk=iphoneos*]" = YES;
                                "INFOPLIST_KEY_UIApplicationSceneManifest_Generation[sdk=iphonesimulator*]" = YES;
                                "INFOPLIST_KEY_UIApplicationSupportsIndirectInputEvents[sdk=iphoneos*]" = YES;
                                "INFOPLIST_KEY_UIApplicationSupportsIndirectInputEvents[sdk=iphonesimulator*]" = YES;
                                "INFOPLIST_KEY_UILaunchScreen_Generation[sdk=iphoneos*]" = YES;
                                "INFOPLIST_KEY_UILaunchScreen_Generation[sdk=iphonesimulator*]" = YES;
                                INFOPLIST_KEY_UIStatusBarStyle = "";
                                "INFOPLIST_KEY_UIStatusBarStyle[sdk=iphoneos*]" = UIStatusBarStyleDefault;
                                "INFOPLIST_KEY_UIStatusBarStyle[sdk=iphonesimulator*]" = UIStatusBarStyleDefault;
                                INFOPLIST_KEY_UISupportedInterfaceOrientations_iPad = "UIInterfaceOrientationPortrait UIInterfaceOrientationPortraitUpsideDown UIInterfaceOrientationLandscapeLeft UIInterfaceOrientationLandscapeRight";
                                INFOPLIST_KEY_UISupportedInterfaceOrientations_iPhone = "UIInterfaceOrientationPortrait UIInterfaceOrientationLandscapeLeft UIInterfaceOrientationLandscapeRight";
                                IPHONEOS_DEPLOYMENT_TARGET = 17.0;
                                LD_RUNPATH_SEARCH_PATHS = "@executable_path/Frameworks";
                                "LD_RUNPATH_SEARCH_PATHS[sdk=macosx*]" = "@executable_path/../Frameworks";
                                MACOSX_DEPLOYMENT_TARGET = 14.0;
                                MARKETING_VERSION = 1.0;
                                PRODUCT_BUNDLE_IDENTIFIER = fa.schedule;
                                PRODUCT_NAME = "$(TARGET_NAME)";
                                REGISTER_APP_GROUPS = YES;
                                SDKROOT = auto;
                                STRING_CATALOG_GENERATE_SYMBOLS = YES;
                                SUPPORTED_PLATFORMS = "iphoneos iphonesimulator";
                                SUPPORTS_MACCATALYST = NO;
                                SWIFT_APPROACHABLE_CONCURRENCY = YES;
                                SWIFT_DEFAULT_ACTOR_ISOLATION = MainActor;
                                SWIFT_EMIT_LOC_STRINGS = YES;
                                SWIFT_OBJC_BRIDGING_HEADER = "schedule/schedule-Bridging-Header.h";
                                SWIFT_UPCOMING_FEATURE_MEMBER_IMPORT_VISIBILITY = YES;
                                SWIFT_VERSION = 5.0;
                                TARGETED_DEVICE_FAMILY = "1,2";
                                XROS_DEPLOYMENT_TARGET = 1.3;
                        };
                        name = Release;
                };
/* End XCBuildConfiguration section */

/* Begin XCConfigurationList section */
                6B02B68A303C7FC3008C2511 /* Build configuration list for PBXNativeTarget "ScheduleWidgetExtension" */ = {
                        isa = XCConfigurationList;
                        buildConfigurations = (
                                6B02B68B303C7FC3008C2511 /* Debug */,
                                6B02B68C303C7FC3008C2511 /* Release */,
                        );
                        defaultConfigurationIsVisible = 0;
                        defaultConfigurationName = Release;
                };
                6BDF3AE5303C6F710047161D /* Build configuration list for PBXProject "schedule" */ = {
                        isa = XCConfigurationList;
                        buildConfigurations = (
                                6BDF3AF3303C6F720047161D /* Debug */,
                                6BDF3AF4303C6F720047161D /* Release */,
                        );
                        defaultConfigurationIsVisible = 0;
                        defaultConfigurationName = Release;
                };
                6BDF3AF5303C6F720047161D /* Build configuration list for PBXNativeTarget "schedule" */ = {
                        isa = XCConfigurationList;
                        buildConfigurations = (
                                6BDF3AF6303C6F720047161D /* Debug */,
                                6BDF3AF7303C6F720047161D /* Release */,
                        );
                        defaultConfigurationIsVisible = 0;
                        defaultConfigurationName = Release;
                };
/* End XCConfigurationList section */

/* Begin XCRemoteSwiftPackageReference section */
                6BC571E9303EFAF0008F419C /* XCRemoteSwiftPackageReference "SwiftSoup" */ = {
                        isa = XCRemoteSwiftPackageReference;
                        repositoryURL = "https://github.com/scinfu/SwiftSoup.git";
                        requirement = {
                                kind = upToNextMajorVersion;
                                minimumVersion = 2.13.8;
                        };
                };
/* End XCRemoteSwiftPackageReference section */

/* Begin XCSwiftPackageProductDependency section */
                6BC571EA303EFAF0008F419C /* SwiftSoup */ = {
                        isa = XCSwiftPackageProductDependency;
                        package = 6BC571E9303EFAF0008F419C /* XCRemoteSwiftPackageReference "SwiftSoup" */;
                        productName = SwiftSoup;
                };
                6BC571EC303EFAF0008F419C /* SwiftSoupProfile */ = {
                        isa = XCSwiftPackageProductDependency;
                        package = 6BC571E9303EFAF0008F419C /* XCRemoteSwiftPackageReference "SwiftSoup" */;
                        productName = SwiftSoupProfile;
                };
/* End XCSwiftPackageProductDependency section */
        };
        rootObject = 6BDF3AE2303C6F710047161D /* Project object */;
}
